{
  "version": "3",
  "packages": {
    "specifiers": {
      "jsr:@std/fs": "jsr:@std/fs@1.0.2",
      "jsr:@std/path@^1.0.3": "jsr:@std/path@1.0.3",
      "jsr:@std/yaml": "jsr:@std/yaml@1.0.4"
    },
    "jsr": {
      "@std/fs@1.0.2": {
        "integrity": "af57555c7a224a6f147d5cced5404692974f7a628ced8eda67e0d22d92d474ec",
        "dependencies": [
          "jsr:@std/path@^1.0.3"
        ]
      },
      "@std/path@1.0.3": {
        "integrity": "cd89d014ce7eb3742f2147b990f6753ee51d95276bfc211bc50c860c1bc7df6f"
      },
      "@std/yaml@1.0.4": {
        "integrity": "f1e38fa5e110ff8550e938715e52c33347676dd00a1db858e092dd21a9df9941"
      }
    }
  },
  "remote": {},
  "workspace": {
    "packageJson": {
      "dependencies": [
        "npm:@types/bun@^1.1.3",
        "npm:@types/js-yaml@^4.0.9",
        "npm:js-yaml@^4.1.0"
      ]
    }
  }
}
